// !$*UTF8*$!
{
	archiveVersion = 1;
	classes = {
	};
	objectVersion = 46;
	objects = {

/* Begin PBXBuildFile section */
		25CBC54291DD453104AFBF7C /* Pods_TestApiClientSwift_iOsTests.framework in Frameworks */ = {isa = PBXBuildFile; fileRef = 695F296720D4061EF0163247 /* Pods_TestApiClientSwift_iOsTests.framework */; };
		9503EC391F8EB21A002C1C17 /* RatingView.swift in Sources */ = {isa = PBXBuildFile; fileRef = 9503EC381F8EB21A002C1C17 /* RatingView.swift */; };
		9503EC441F8EDFB7002C1C17 /* YesevaOne-Regular_v2.otf in Resources */ = {isa = PBXBuildFile; fileRef = 9503EC421F8EDF63002C1C17 /* YesevaOne-Regular_v2.otf */; };
		9503EC451F8EDFB7002C1C17 /* OpenSans-Regular.ttf in Resources */ = {isa = PBXBuildFile; fileRef = 9503EC431F8EDF8C002C1C17 /* OpenSans-Regular.ttf */; };
		9533A2001F9790320054214F /* MapViewCell.swift in Sources */ = {isa = PBXBuildFile; fileRef = 9533A1FE1F9790320054214F /* MapViewCell.swift */; };
		9533A2011F9790320054214F /* MapViewCell.xib in Resources */ = {isa = PBXBuildFile; fileRef = 9533A1FF1F9790320054214F /* MapViewCell.xib */; };
		9533A2071F97D6A10054214F /* PhotoDetailViewCell.swift in Sources */ = {isa = PBXBuildFile; fileRef = 9533A2051F97D6A10054214F /* PhotoDetailViewCell.swift */; };
		9533A2081F97D6A10054214F /* PhotoDetailViewCell.xib in Resources */ = {isa = PBXBuildFile; fileRef = 9533A2061F97D6A10054214F /* PhotoDetailViewCell.xib */; };
		9533A2161F9810510054214F /* CounterView.swift in Sources */ = {isa = PBXBuildFile; fileRef = 9533A2151F9810510054214F /* CounterView.swift */; };
		9533A2181F9811260054214F /* UIImageViewExtension.swift in Sources */ = {isa = PBXBuildFile; fileRef = 9533A2171F9811260054214F /* UIImageViewExtension.swift */; };
		955C1A0D1F9276B7007A5EDC /* Network.swift in Sources */ = {isa = PBXBuildFile; fileRef = 955C1A0C1F9276B7007A5EDC /* Network.swift */; };
		955C1A0F1F927775007A5EDC /* Endpoint.swift in Sources */ = {isa = PBXBuildFile; fileRef = 955C1A0E1F927775007A5EDC /* Endpoint.swift */; };
		955C1A111F927987007A5EDC /* PlaceService.swift in Sources */ = {isa = PBXBuildFile; fileRef = 955C1A101F927987007A5EDC /* PlaceService.swift */; };
		955C1A131F9283C9007A5EDC /* NetworkManager.swift in Sources */ = {isa = PBXBuildFile; fileRef = 955C1A121F9283C9007A5EDC /* NetworkManager.swift */; };
		955C1A161F9285B9007A5EDC /* realm.swift in Sources */ = {isa = PBXBuildFile; fileRef = 955C1A151F9285B9007A5EDC /* realm.swift */; };
		955C1A4A1F9298CB007A5EDC /* HeaderPlaceViewCell.swift in Sources */ = {isa = PBXBuildFile; fileRef = 955C1A481F9298CB007A5EDC /* HeaderPlaceViewCell.swift */; };
		955C1A4B1F9298CB007A5EDC /* HeaderPlaceViewCell.xib in Resources */ = {isa = PBXBuildFile; fileRef = 955C1A491F9298CB007A5EDC /* HeaderPlaceViewCell.xib */; };
		955C1A4E1F929E22007A5EDC /* DescriptionViewCell.swift in Sources */ = {isa = PBXBuildFile; fileRef = 955C1A4C1F929E22007A5EDC /* DescriptionViewCell.swift */; };
		955C1A4F1F929E22007A5EDC /* DescriptionViewCell.xib in Resources */ = {isa = PBXBuildFile; fileRef = 955C1A4D1F929E22007A5EDC /* DescriptionViewCell.xib */; };
		956886A41F954FD8002F002C /* VisitingPriceCell.swift in Sources */ = {isa = PBXBuildFile; fileRef = 956886A21F954FD8002F002C /* VisitingPriceCell.swift */; };
		956886A51F954FD8002F002C /* VisitingPriceCell.xib in Resources */ = {isa = PBXBuildFile; fileRef = 956886A31F954FD8002F002C /* VisitingPriceCell.xib */; };
		956886A81F9550EF002F002C /* PhoneViewCell.swift in Sources */ = {isa = PBXBuildFile; fileRef = 956886A61F9550EF002F002C /* PhoneViewCell.swift */; };
		956886A91F9550EF002F002C /* PhoneViewCell.xib in Resources */ = {isa = PBXBuildFile; fileRef = 956886A71F9550EF002F002C /* PhoneViewCell.xib */; };
		956886AB1F955517002F002C /* PlaceDetailsViewController.swift in Sources */ = {isa = PBXBuildFile; fileRef = 956886AA1F955517002F002C /* PlaceDetailsViewController.swift */; };
		956886AD1F95566C002F002C /* DetailsViewModel.swift in Sources */ = {isa = PBXBuildFile; fileRef = 956886AC1F95566C002F002C /* DetailsViewModel.swift */; };
		956886B01F95759A002F002C /* LocationViewCell.swift in Sources */ = {isa = PBXBuildFile; fileRef = 956886AE1F95759A002F002C /* LocationViewCell.swift */; };
		956886B11F95759A002F002C /* LocationViewCell.xib in Resources */ = {isa = PBXBuildFile; fileRef = 956886AF1F95759A002F002C /* LocationViewCell.xib */; };
		95B341BA1F94DF6900AF43F4 /* LoginViewController.swift in Sources */ = {isa = PBXBuildFile; fileRef = 95B341B91F94DF6900AF43F4 /* LoginViewController.swift */; };
		95C370C71F8F54F100EF9245 /* OpenSans-Bold.ttf in Resources */ = {isa = PBXBuildFile; fileRef = 95C370C61F8F54DD00EF9245 /* OpenSans-Bold.ttf */; };
		95C370C91F8F5B9900EF9245 /* OpenSans-Semibold.ttf in Resources */ = {isa = PBXBuildFile; fileRef = 95C370C81F8F5B9300EF9245 /* OpenSans-Semibold.ttf */; };
		95C370CB1F8F605B00EF9245 /* FavoriteControl.swift in Sources */ = {isa = PBXBuildFile; fileRef = 95C370CA1F8F605B00EF9245 /* FavoriteControl.swift */; };
		95EBB50A1F95228300711C03 /* LoginService.swift in Sources */ = {isa = PBXBuildFile; fileRef = 95EBB5091F95228300711C03 /* LoginService.swift */; };
		95EBB50C1F9522F000711C03 /* RealmDAO.swift in Sources */ = {isa = PBXBuildFile; fileRef = 95EBB50B1F9522F000711C03 /* RealmDAO.swift */; };
		95EBB50E1F9524CA00711C03 /* DbHelper.swift in Sources */ = {isa = PBXBuildFile; fileRef = 95EBB50D1F9524CA00711C03 /* DbHelper.swift */; };
		95EBB5101F95291F00711C03 /* PrimaryKeyAware.swift in Sources */ = {isa = PBXBuildFile; fileRef = 95EBB50F1F95291F00711C03 /* PrimaryKeyAware.swift */; };
		95EBB5121F952A7100711C03 /* RealmStorage.swift in Sources */ = {isa = PBXBuildFile; fileRef = 95EBB5111F952A7100711C03 /* RealmStorage.swift */; };
		95EBB5141F95360800711C03 /* Converter.swift in Sources */ = {isa = PBXBuildFile; fileRef = 95EBB5131F95360800711C03 /* Converter.swift */; };
		95EBB5171F954DD200711C03 /* TimeTableViewCell.swift in Sources */ = {isa = PBXBuildFile; fileRef = 95EBB5151F954DD200711C03 /* TimeTableViewCell.swift */; };
		95EBB5181F954DD200711C03 /* TimeTableViewCell.xib in Resources */ = {isa = PBXBuildFile; fileRef = 95EBB5161F954DD200711C03 /* TimeTableViewCell.xib */; };
		95F1D2ED1F93F07400D5F598 /* PlaceTableViewXibCell.swift in Sources */ = {isa = PBXBuildFile; fileRef = 95F1D2EB1F93F07400D5F598 /* PlaceTableViewXibCell.swift */; };
		95F1D2EE1F93F07400D5F598 /* PlaceTableViewCell.xib in Resources */ = {isa = PBXBuildFile; fileRef = 95F1D2EC1F93F07400D5F598 /* PlaceTableViewCell.xib */; };
		C5545B911F783FC5001C5DEF /* Const.swift in Sources */ = {isa = PBXBuildFile; fileRef = C5545B901F783FC5001C5DEF /* Const.swift */; };
		C556BDF41F798CAC00651DE1 /* RatingControl.swift in Sources */ = {isa = PBXBuildFile; fileRef = C556BDF31F798CAC00651DE1 /* RatingControl.swift */; };
		C58A2D181F7BE4C200382855 /* PlaceTableCellViewModel.swift in Sources */ = {isa = PBXBuildFile; fileRef = C58A2D171F7BE4C200382855 /* PlaceTableCellViewModel.swift */; };
		C58A2D1A1F7BE6E900382855 /* PlaceTableViewModel.swift in Sources */ = {isa = PBXBuildFile; fileRef = C58A2D191F7BE6E900382855 /* PlaceTableViewModel.swift */; };
		C58A2D1C1F7BE72400382855 /* PlaceManager.swift in Sources */ = {isa = PBXBuildFile; fileRef = C58A2D1B1F7BE72400382855 /* PlaceManager.swift */; };
		C5D61AF91F77E58200D9142F /* AppDelegate.swift in Sources */ = {isa = PBXBuildFile; fileRef = C5D61AF81F77E58200D9142F /* AppDelegate.swift */; };
		C5D61B001F77E58200D9142F /* Assets.xcassets in Resources */ = {isa = PBXBuildFile; fileRef = C5D61AFF1F77E58200D9142F /* Assets.xcassets */; };
		C5D61B031F77E58200D9142F /* LaunchScreen.storyboard in Resources */ = {isa = PBXBuildFile; fileRef = C5D61B011F77E58200D9142F /* LaunchScreen.storyboard */; };
		C5D61B0E1F77E58200D9142F /* TestApiClientSwift_iOsTests.swift in Sources */ = {isa = PBXBuildFile; fileRef = C5D61B0D1F77E58200D9142F /* TestApiClientSwift_iOsTests.swift */; };
		C5D61B191F7807B200D9142F /* PlaceTableViewCell.swift in Sources */ = {isa = PBXBuildFile; fileRef = C5D61B181F7807B200D9142F /* PlaceTableViewCell.swift */; };
		C5D61B1B1F7807E700D9142F /* PlaceTableViewController.swift in Sources */ = {isa = PBXBuildFile; fileRef = C5D61B1A1F7807E700D9142F /* PlaceTableViewController.swift */; };
		C5D61B1D1F7818AD00D9142F /* Place.swift in Sources */ = {isa = PBXBuildFile; fileRef = C5D61B1C1F7818AD00D9142F /* Place.swift */; };
		C5D61B1F1F781B8100D9142F /* Category.swift in Sources */ = {isa = PBXBuildFile; fileRef = C5D61B1E1F781B8100D9142F /* Category.swift */; };
		C5D61B211F781CDF00D9142F /* ApiBaseResult.swift in Sources */ = {isa = PBXBuildFile; fileRef = C5D61B201F781CDF00D9142F /* ApiBaseResult.swift */; };
		C5DB4FE51F7A59AF0000600E /* CategoryRealm.swift in Sources */ = {isa = PBXBuildFile; fileRef = C5DB4FE41F7A59AF0000600E /* CategoryRealm.swift */; };
		C5DB4FE71F7A5A640000600E /* PlaceRealm.swift in Sources */ = {isa = PBXBuildFile; fileRef = C5DB4FE61F7A5A640000600E /* PlaceRealm.swift */; };
		C5DB4FE91F7A8F980000600E /* CategoryListRealm.swift in Sources */ = {isa = PBXBuildFile; fileRef = C5DB4FE81F7A8F980000600E /* CategoryListRealm.swift */; };
		C5F60FDB1F7947DA00F84A53 /* Main.storyboard in Resources */ = {isa = PBXBuildFile; fileRef = C5F60FD91F7947DA00F84A53 /* Main.storyboard */; };
		EE546BBEE1D08EC47F0CFB12 /* Pods_TestApiClientSwift_iOs.framework in Frameworks */ = {isa = PBXBuildFile; fileRef = 0162BF77A8BF92A1FFC4C1C9 /* Pods_TestApiClientSwift_iOs.framework */; };
/* End PBXBuildFile section */

/* Begin PBXContainerItemProxy section */
		C5D61B0A1F77E58200D9142F /* PBXContainerItemProxy */ = {
			isa = PBXContainerItemProxy;
			containerPortal = C5D61AED1F77E58200D9142F /* Project object */;
			proxyType = 1;
			remoteGlobalIDString = C5D61AF41F77E58200D9142F;
			remoteInfo = TestApiClientSwift_iOs;
		};
/* End PBXContainerItemProxy section */

/* Begin PBXFileReference section */
		00AA75D5C973416AB5B630A8 /* Pods-TestApiClientSwift_iOs.release.xcconfig */ = {isa = PBXFileReference; includeInIndex = 1; lastKnownFileType = text.xcconfig; name = "Pods-TestApiClientSwift_iOs.release.xcconfig"; path = "Pods/Target Support Files/Pods-TestApiClientSwift_iOs/Pods-TestApiClientSwift_iOs.release.xcconfig"; sourceTree = "<group>"; };
		0162BF77A8BF92A1FFC4C1C9 /* Pods_TestApiClientSwift_iOs.framework */ = {isa = PBXFileReference; explicitFileType = wrapper.framework; includeInIndex = 0; path = Pods_TestApiClientSwift_iOs.framework; sourceTree = BUILT_PRODUCTS_DIR; };
		3A684DD6641F87A7D7EB17C3 /* Pods-TestApiClientSwift_iOs.debug.xcconfig */ = {isa = PBXFileReference; includeInIndex = 1; lastKnownFileType = text.xcconfig; name = "Pods-TestApiClientSwift_iOs.debug.xcconfig"; path = "Pods/Target Support Files/Pods-TestApiClientSwift_iOs/Pods-TestApiClientSwift_iOs.debug.xcconfig"; sourceTree = "<group>"; };
		45AC3AA65F10DD71CACEDDDD /* Pods-TestApiClientSwift_iOsTests.debug.xcconfig */ = {isa = PBXFileReference; includeInIndex = 1; lastKnownFileType = text.xcconfig; name = "Pods-TestApiClientSwift_iOsTests.debug.xcconfig"; path = "Pods/Target Support Files/Pods-TestApiClientSwift_iOsTests/Pods-TestApiClientSwift_iOsTests.debug.xcconfig"; sourceTree = "<group>"; };
		695F296720D4061EF0163247 /* Pods_TestApiClientSwift_iOsTests.framework */ = {isa = PBXFileReference; explicitFileType = wrapper.framework; includeInIndex = 0; path = Pods_TestApiClientSwift_iOsTests.framework; sourceTree = BUILT_PRODUCTS_DIR; };
		9503EC381F8EB21A002C1C17 /* RatingView.swift */ = {isa = PBXFileReference; fileEncoding = 4; lastKnownFileType = sourcecode.swift; path = RatingView.swift; sourceTree = "<group>"; };
		9503EC421F8EDF63002C1C17 /* YesevaOne-Regular_v2.otf */ = {isa = PBXFileReference; lastKnownFileType = file; path = "YesevaOne-Regular_v2.otf"; sourceTree = "<group>"; };
		9503EC431F8EDF8C002C1C17 /* OpenSans-Regular.ttf */ = {isa = PBXFileReference; lastKnownFileType = file; path = "OpenSans-Regular.ttf"; sourceTree = "<group>"; };
		9533A1FE1F9790320054214F /* MapViewCell.swift */ = {isa = PBXFileReference; fileEncoding = 4; lastKnownFileType = sourcecode.swift; path = MapViewCell.swift; sourceTree = "<group>"; };
		9533A1FF1F9790320054214F /* MapViewCell.xib */ = {isa = PBXFileReference; fileEncoding = 4; lastKnownFileType = file.xib; path = MapViewCell.xib; sourceTree = "<group>"; };
		9533A2041F97A3640054214F /* TestApiClientSwift_iOs-Bridging-Header.h */ = {isa = PBXFileReference; lastKnownFileType = sourcecode.c.h; path = "TestApiClientSwift_iOs-Bridging-Header.h"; sourceTree = "<group>"; };
		9533A2051F97D6A10054214F /* PhotoDetailViewCell.swift */ = {isa = PBXFileReference; fileEncoding = 4; lastKnownFileType = sourcecode.swift; path = PhotoDetailViewCell.swift; sourceTree = "<group>"; };
		9533A2061F97D6A10054214F /* PhotoDetailViewCell.xib */ = {isa = PBXFileReference; fileEncoding = 4; lastKnownFileType = file.xib; path = PhotoDetailViewCell.xib; sourceTree = "<group>"; };
		9533A2151F9810510054214F /* CounterView.swift */ = {isa = PBXFileReference; fileEncoding = 4; lastKnownFileType = sourcecode.swift; path = CounterView.swift; sourceTree = "<group>"; };
		9533A2171F9811260054214F /* UIImageViewExtension.swift */ = {isa = PBXFileReference; fileEncoding = 4; lastKnownFileType = sourcecode.swift; path = UIImageViewExtension.swift; sourceTree = "<group>"; };
		955C1A0C1F9276B7007A5EDC /* Network.swift */ = {isa = PBXFileReference; fileEncoding = 4; lastKnownFileType = sourcecode.swift; path = Network.swift; sourceTree = "<group>"; };
		955C1A0E1F927775007A5EDC /* Endpoint.swift */ = {isa = PBXFileReference; fileEncoding = 4; lastKnownFileType = sourcecode.swift; path = Endpoint.swift; sourceTree = "<group>"; };
		955C1A101F927987007A5EDC /* PlaceService.swift */ = {isa = PBXFileReference; fileEncoding = 4; lastKnownFileType = sourcecode.swift; path = PlaceService.swift; sourceTree = "<group>"; };
		955C1A121F9283C9007A5EDC /* NetworkManager.swift */ = {isa = PBXFileReference; fileEncoding = 4; lastKnownFileType = sourcecode.swift; path = NetworkManager.swift; sourceTree = "<group>"; };
		955C1A151F9285B9007A5EDC /* realm.swift */ = {isa = PBXFileReference; fileEncoding = 4; lastKnownFileType = sourcecode.swift; path = realm.swift; sourceTree = "<group>"; };
		955C1A481F9298CB007A5EDC /* HeaderPlaceViewCell.swift */ = {isa = PBXFileReference; fileEncoding = 4; lastKnownFileType = sourcecode.swift; path = HeaderPlaceViewCell.swift; sourceTree = "<group>"; };
		955C1A491F9298CB007A5EDC /* HeaderPlaceViewCell.xib */ = {isa = PBXFileReference; fileEncoding = 4; lastKnownFileType = file.xib; path = HeaderPlaceViewCell.xib; sourceTree = "<group>"; };
		955C1A4C1F929E22007A5EDC /* DescriptionViewCell.swift */ = {isa = PBXFileReference; fileEncoding = 4; lastKnownFileType = sourcecode.swift; path = DescriptionViewCell.swift; sourceTree = "<group>"; };
		955C1A4D1F929E22007A5EDC /* DescriptionViewCell.xib */ = {isa = PBXFileReference; fileEncoding = 4; lastKnownFileType = file.xib; path = DescriptionViewCell.xib; sourceTree = "<group>"; };
		956886A21F954FD8002F002C /* VisitingPriceCell.swift */ = {isa = PBXFileReference; fileEncoding = 4; lastKnownFileType = sourcecode.swift; path = VisitingPriceCell.swift; sourceTree = "<group>"; };
		956886A31F954FD8002F002C /* VisitingPriceCell.xib */ = {isa = PBXFileReference; fileEncoding = 4; lastKnownFileType = file.xib; path = VisitingPriceCell.xib; sourceTree = "<group>"; };
		956886A61F9550EF002F002C /* PhoneViewCell.swift */ = {isa = PBXFileReference; fileEncoding = 4; lastKnownFileType = sourcecode.swift; path = PhoneViewCell.swift; sourceTree = "<group>"; };
		956886A71F9550EF002F002C /* PhoneViewCell.xib */ = {isa = PBXFileReference; fileEncoding = 4; lastKnownFileType = file.xib; path = PhoneViewCell.xib; sourceTree = "<group>"; };
		956886AA1F955517002F002C /* PlaceDetailsViewController.swift */ = {isa = PBXFileReference; fileEncoding = 4; lastKnownFileType = sourcecode.swift; path = PlaceDetailsViewController.swift; sourceTree = "<group>"; };
		956886AC1F95566C002F002C /* DetailsViewModel.swift */ = {isa = PBXFileReference; fileEncoding = 4; lastKnownFileType = sourcecode.swift; path = DetailsViewModel.swift; sourceTree = "<group>"; };
		956886AE1F95759A002F002C /* LocationViewCell.swift */ = {isa = PBXFileReference; fileEncoding = 4; lastKnownFileType = sourcecode.swift; path = LocationViewCell.swift; sourceTree = "<group>"; };
		956886AF1F95759A002F002C /* LocationViewCell.xib */ = {isa = PBXFileReference; fileEncoding = 4; lastKnownFileType = file.xib; path = LocationViewCell.xib; sourceTree = "<group>"; };
		95B341B91F94DF6900AF43F4 /* LoginViewController.swift */ = {isa = PBXFileReference; fileEncoding = 4; lastKnownFileType = sourcecode.swift; path = LoginViewController.swift; sourceTree = "<group>"; };
		95C370C61F8F54DD00EF9245 /* OpenSans-Bold.ttf */ = {isa = PBXFileReference; lastKnownFileType = file; path = "OpenSans-Bold.ttf"; sourceTree = "<group>"; };
		95C370C81F8F5B9300EF9245 /* OpenSans-Semibold.ttf */ = {isa = PBXFileReference; lastKnownFileType = file; path = "OpenSans-Semibold.ttf"; sourceTree = "<group>"; };
		95C370CA1F8F605B00EF9245 /* FavoriteControl.swift */ = {isa = PBXFileReference; fileEncoding = 4; lastKnownFileType = sourcecode.swift; path = FavoriteControl.swift; sourceTree = "<group>"; };
		95EBB5091F95228300711C03 /* LoginService.swift */ = {isa = PBXFileReference; fileEncoding = 4; lastKnownFileType = sourcecode.swift; path = LoginService.swift; sourceTree = "<group>"; };
		95EBB50B1F9522F000711C03 /* RealmDAO.swift */ = {isa = PBXFileReference; fileEncoding = 4; lastKnownFileType = sourcecode.swift; path = RealmDAO.swift; sourceTree = "<group>"; };
		95EBB50D1F9524CA00711C03 /* DbHelper.swift */ = {isa = PBXFileReference; fileEncoding = 4; lastKnownFileType = sourcecode.swift; path = DbHelper.swift; sourceTree = "<group>"; };
		95EBB50F1F95291F00711C03 /* PrimaryKeyAware.swift */ = {isa = PBXFileReference; fileEncoding = 4; lastKnownFileType = sourcecode.swift; path = PrimaryKeyAware.swift; sourceTree = "<group>"; };
		95EBB5111F952A7100711C03 /* RealmStorage.swift */ = {isa = PBXFileReference; fileEncoding = 4; lastKnownFileType = sourcecode.swift; path = RealmStorage.swift; sourceTree = "<group>"; };
		95EBB5131F95360800711C03 /* Converter.swift */ = {isa = PBXFileReference; fileEncoding = 4; lastKnownFileType = sourcecode.swift; path = Converter.swift; sourceTree = "<group>"; };
		95EBB5151F954DD200711C03 /* TimeTableViewCell.swift */ = {isa = PBXFileReference; fileEncoding = 4; lastKnownFileType = sourcecode.swift; path = TimeTableViewCell.swift; sourceTree = "<group>"; };
		95EBB5161F954DD200711C03 /* TimeTableViewCell.xib */ = {isa = PBXFileReference; fileEncoding = 4; lastKnownFileType = file.xib; path = TimeTableViewCell.xib; sourceTree = "<group>"; };
		95F1D2EB1F93F07400D5F598 /* PlaceTableViewXibCell.swift */ = {isa = PBXFileReference; fileEncoding = 4; lastKnownFileType = sourcecode.swift; path = PlaceTableViewXibCell.swift; sourceTree = "<group>"; };
		95F1D2EC1F93F07400D5F598 /* PlaceTableViewCell.xib */ = {isa = PBXFileReference; fileEncoding = 4; lastKnownFileType = file.xib; path = PlaceTableViewCell.xib; sourceTree = "<group>"; };
		C5545B901F783FC5001C5DEF /* Const.swift */ = {isa = PBXFileReference; fileEncoding = 4; lastKnownFileType = sourcecode.swift; path = Const.swift; sourceTree = "<group>"; };
		C556BDF31F798CAC00651DE1 /* RatingControl.swift */ = {isa = PBXFileReference; fileEncoding = 4; lastKnownFileType = sourcecode.swift; path = RatingControl.swift; sourceTree = "<group>"; };
		C58A2D171F7BE4C200382855 /* PlaceTableCellViewModel.swift */ = {isa = PBXFileReference; fileEncoding = 4; lastKnownFileType = sourcecode.swift; path = PlaceTableCellViewModel.swift; sourceTree = "<group>"; };
		C58A2D191F7BE6E900382855 /* PlaceTableViewModel.swift */ = {isa = PBXFileReference; fileEncoding = 4; lastKnownFileType = sourcecode.swift; path = PlaceTableViewModel.swift; sourceTree = "<group>"; };
		C58A2D1B1F7BE72400382855 /* PlaceManager.swift */ = {isa = PBXFileReference; fileEncoding = 4; lastKnownFileType = sourcecode.swift; path = PlaceManager.swift; sourceTree = "<group>"; };
		C5D61AF51F77E58200D9142F /* TestApiClientSwift_iOs.app */ = {isa = PBXFileReference; explicitFileType = wrapper.application; includeInIndex = 0; path = TestApiClientSwift_iOs.app; sourceTree = BUILT_PRODUCTS_DIR; };
		C5D61AF81F77E58200D9142F /* AppDelegate.swift */ = {isa = PBXFileReference; lastKnownFileType = sourcecode.swift; path = AppDelegate.swift; sourceTree = "<group>"; };
		C5D61AFF1F77E58200D9142F /* Assets.xcassets */ = {isa = PBXFileReference; lastKnownFileType = folder.assetcatalog; path = Assets.xcassets; sourceTree = "<group>"; };
		C5D61B021F77E58200D9142F /* Base */ = {isa = PBXFileReference; lastKnownFileType = file.storyboard; name = Base; path = Base.lproj/LaunchScreen.storyboard; sourceTree = "<group>"; };
		C5D61B041F77E58200D9142F /* Info.plist */ = {isa = PBXFileReference; lastKnownFileType = text.plist.xml; path = Info.plist; sourceTree = "<group>"; };
		C5D61B091F77E58200D9142F /* TestApiClientSwift_iOsTests.xctest */ = {isa = PBXFileReference; explicitFileType = wrapper.cfbundle; includeInIndex = 0; path = TestApiClientSwift_iOsTests.xctest; sourceTree = BUILT_PRODUCTS_DIR; };
		C5D61B0D1F77E58200D9142F /* TestApiClientSwift_iOsTests.swift */ = {isa = PBXFileReference; lastKnownFileType = sourcecode.swift; path = TestApiClientSwift_iOsTests.swift; sourceTree = "<group>"; };
		C5D61B0F1F77E58200D9142F /* Info.plist */ = {isa = PBXFileReference; lastKnownFileType = text.plist.xml; path = Info.plist; sourceTree = "<group>"; };
		C5D61B181F7807B200D9142F /* PlaceTableViewCell.swift */ = {isa = PBXFileReference; fileEncoding = 4; lastKnownFileType = sourcecode.swift; path = PlaceTableViewCell.swift; sourceTree = "<group>"; };
		C5D61B1A1F7807E700D9142F /* PlaceTableViewController.swift */ = {isa = PBXFileReference; fileEncoding = 4; lastKnownFileType = sourcecode.swift; path = PlaceTableViewController.swift; sourceTree = "<group>"; };
		C5D61B1C1F7818AD00D9142F /* Place.swift */ = {isa = PBXFileReference; fileEncoding = 4; lastKnownFileType = sourcecode.swift; path = Place.swift; sourceTree = "<group>"; };
		C5D61B1E1F781B8100D9142F /* Category.swift */ = {isa = PBXFileReference; fileEncoding = 4; lastKnownFileType = sourcecode.swift; path = Category.swift; sourceTree = "<group>"; };
		C5D61B201F781CDF00D9142F /* ApiBaseResult.swift */ = {isa = PBXFileReference; fileEncoding = 4; lastKnownFileType = sourcecode.swift; path = ApiBaseResult.swift; sourceTree = "<group>"; };
		C5DB4FE41F7A59AF0000600E /* CategoryRealm.swift */ = {isa = PBXFileReference; fileEncoding = 4; lastKnownFileType = sourcecode.swift; path = CategoryRealm.swift; sourceTree = "<group>"; };
		C5DB4FE61F7A5A640000600E /* PlaceRealm.swift */ = {isa = PBXFileReference; fileEncoding = 4; lastKnownFileType = sourcecode.swift; path = PlaceRealm.swift; sourceTree = "<group>"; };
		C5DB4FE81F7A8F980000600E /* CategoryListRealm.swift */ = {isa = PBXFileReference; fileEncoding = 4; lastKnownFileType = sourcecode.swift; path = CategoryListRealm.swift; sourceTree = "<group>"; };
		C5F60FDA1F7947DA00F84A53 /* Base */ = {isa = PBXFileReference; lastKnownFileType = file.storyboard; name = Base; path = Base.lproj/Main.storyboard; sourceTree = "<group>"; };
		D782F1ED142B13309858C789 /* Pods-TestApiClientSwift_iOsTests.release.xcconfig */ = {isa = PBXFileReference; includeInIndex = 1; lastKnownFileType = text.xcconfig; name = "Pods-TestApiClientSwift_iOsTests.release.xcconfig"; path = "Pods/Target Support Files/Pods-TestApiClientSwift_iOsTests/Pods-TestApiClientSwift_iOsTests.release.xcconfig"; sourceTree = "<group>"; };
/* End PBXFileReference section */

/* Begin PBXFrameworksBuildPhase section */
		C5D61AF21F77E58200D9142F /* Frameworks */ = {
			isa = PBXFrameworksBuildPhase;
			buildActionMask = 2147483647;
			files = (
				EE546BBEE1D08EC47F0CFB12 /* Pods_TestApiClientSwift_iOs.framework in Frameworks */,
			);
			runOnlyForDeploymentPostprocessing = 0;
		};
		C5D61B061F77E58200D9142F /* Frameworks */ = {
			isa = PBXFrameworksBuildPhase;
			buildActionMask = 2147483647;
			files = (
				25CBC54291DD453104AFBF7C /* Pods_TestApiClientSwift_iOsTests.framework in Frameworks */,
			);
			runOnlyForDeploymentPostprocessing = 0;
		};
/* End PBXFrameworksBuildPhase section */

/* Begin PBXGroup section */
		30E1097B0596A20D10465BA1 /* Frameworks */ = {
			isa = PBXGroup;
			children = (
				0162BF77A8BF92A1FFC4C1C9 /* Pods_TestApiClientSwift_iOs.framework */,
				695F296720D4061EF0163247 /* Pods_TestApiClientSwift_iOsTests.framework */,
			);
			name = Frameworks;
			sourceTree = "<group>";
		};
		4C7DBF62CF68066160006EBB /* Pods */ = {
			isa = PBXGroup;
			children = (
				3A684DD6641F87A7D7EB17C3 /* Pods-TestApiClientSwift_iOs.debug.xcconfig */,
				00AA75D5C973416AB5B630A8 /* Pods-TestApiClientSwift_iOs.release.xcconfig */,
				45AC3AA65F10DD71CACEDDDD /* Pods-TestApiClientSwift_iOsTests.debug.xcconfig */,
				D782F1ED142B13309858C789 /* Pods-TestApiClientSwift_iOsTests.release.xcconfig */,
			);
			name = Pods;
			sourceTree = "<group>";
		};
		9503EC3B1F8ECC74002C1C17 /* list_places */ = {
			isa = PBXGroup;
			children = (
				9503EC3E1F8ECC8B002C1C17 /* viewModel */,
				9503EC3D1F8ECC86002C1C17 /* view */,
			);
			name = list_places;
			sourceTree = "<group>";
		};
		9503EC3C1F8ECC7C002C1C17 /* detail */ = {
			isa = PBXGroup;
			children = (
				9503EC401F8ECCB6002C1C17 /* viewModel */,
				9503EC3F1F8ECCB1002C1C17 /* view */,
			);
			name = detail;
			sourceTree = "<group>";
		};
		9503EC3D1F8ECC86002C1C17 /* view */ = {
			isa = PBXGroup;
			children = (
				95F1D2EB1F93F07400D5F598 /* PlaceTableViewXibCell.swift */,
				95F1D2EC1F93F07400D5F598 /* PlaceTableViewCell.xib */,
				C5D61B181F7807B200D9142F /* PlaceTableViewCell.swift */,
				C5D61B1A1F7807E700D9142F /* PlaceTableViewController.swift */,
			);
			name = view;
			sourceTree = "<group>";
		};
		9503EC3E1F8ECC8B002C1C17 /* viewModel */ = {
			isa = PBXGroup;
			children = (
				C58A2D171F7BE4C200382855 /* PlaceTableCellViewModel.swift */,
				C58A2D191F7BE6E900382855 /* PlaceTableViewModel.swift */,
			);
			name = viewModel;
			sourceTree = "<group>";
		};
		9503EC3F1F8ECCB1002C1C17 /* view */ = {
			isa = PBXGroup;
			children = (
				9533A2101F97F4680054214F /* cells */,
				956886AA1F955517002F002C /* PlaceDetailsViewController.swift */,
			);
			name = view;
			sourceTree = "<group>";
		};
		9503EC401F8ECCB6002C1C17 /* viewModel */ = {
			isa = PBXGroup;
			children = (
				956886AC1F95566C002F002C /* DetailsViewModel.swift */,
			);
			name = viewModel;
			sourceTree = "<group>";
		};
		9503EC411F8EDF4F002C1C17 /* fonts */ = {
			isa = PBXGroup;
			children = (
				95C370C81F8F5B9300EF9245 /* OpenSans-Semibold.ttf */,
				95C370C61F8F54DD00EF9245 /* OpenSans-Bold.ttf */,
				9503EC421F8EDF63002C1C17 /* YesevaOne-Regular_v2.otf */,
				9503EC431F8EDF8C002C1C17 /* OpenSans-Regular.ttf */,
			);
			name = fonts;
			sourceTree = "<group>";
		};
		9533A20B1F97F3880054214F /* imageviewer */ = {
			isa = PBXGroup;
			children = (
				9533A2151F9810510054214F /* CounterView.swift */,
			);
			name = imageviewer;
			sourceTree = "<group>";
		};
		9533A2101F97F4680054214F /* cells */ = {
			isa = PBXGroup;
			children = (
				955C1A481F9298CB007A5EDC /* HeaderPlaceViewCell.swift */,
				955C1A491F9298CB007A5EDC /* HeaderPlaceViewCell.xib */,
				955C1A4C1F929E22007A5EDC /* DescriptionViewCell.swift */,
				955C1A4D1F929E22007A5EDC /* DescriptionViewCell.xib */,
				95EBB5151F954DD200711C03 /* TimeTableViewCell.swift */,
				95EBB5161F954DD200711C03 /* TimeTableViewCell.xib */,
				956886A21F954FD8002F002C /* VisitingPriceCell.swift */,
				956886A31F954FD8002F002C /* VisitingPriceCell.xib */,
				956886A61F9550EF002F002C /* PhoneViewCell.swift */,
				956886A71F9550EF002F002C /* PhoneViewCell.xib */,
				956886AE1F95759A002F002C /* LocationViewCell.swift */,
				956886AF1F95759A002F002C /* LocationViewCell.xib */,
				9533A1FE1F9790320054214F /* MapViewCell.swift */,
				9533A1FF1F9790320054214F /* MapViewCell.xib */,
				9533A2051F97D6A10054214F /* PhotoDetailViewCell.swift */,
				9533A2061F97D6A10054214F /* PhotoDetailViewCell.xib */,
			);
			name = cells;
			sourceTree = "<group>";
		};
		955C1A0B1F927618007A5EDC /* network */ = {
			isa = PBXGroup;
			children = (
				C58A2D1B1F7BE72400382855 /* PlaceManager.swift */,
				955C1A0C1F9276B7007A5EDC /* Network.swift */,
				955C1A0E1F927775007A5EDC /* Endpoint.swift */,
				955C1A101F927987007A5EDC /* PlaceService.swift */,
				955C1A121F9283C9007A5EDC /* NetworkManager.swift */,
				95EBB5091F95228300711C03 /* LoginService.swift */,
			);
			name = network;
			sourceTree = "<group>";
		};
		955C1A141F9285A6007A5EDC /* realmDB */ = {
			isa = PBXGroup;
			children = (
				955C1A151F9285B9007A5EDC /* realm.swift */,
				95EBB50B1F9522F000711C03 /* RealmDAO.swift */,
				95EBB50D1F9524CA00711C03 /* DbHelper.swift */,
				95EBB5111F952A7100711C03 /* RealmStorage.swift */,
			);
			name = realmDB;
			sourceTree = "<group>";
		};
		95B341B81F94DF4200AF43F4 /* login */ = {
			isa = PBXGroup;
			children = (
				95B341B91F94DF6900AF43F4 /* LoginViewController.swift */,
			);
			name = login;
			sourceTree = "<group>";
		};
		C58A2D131F7BE43C00382855 /* Resources */ = {
			isa = PBXGroup;
			children = (
				9503EC411F8EDF4F002C1C17 /* fonts */,
				C5D61AFF1F77E58200D9142F /* Assets.xcassets */,
				C5D61B011F77E58200D9142F /* LaunchScreen.storyboard */,
				C5D61B041F77E58200D9142F /* Info.plist */,
			);
			name = Resources;
			sourceTree = "<group>";
		};
		C5D61AEC1F77E58200D9142F = {
			isa = PBXGroup;
			children = (
				C5D61AF71F77E58200D9142F /* TestApiClientSwift_iOs */,
				C5D61B0C1F77E58200D9142F /* TestApiClientSwift_iOsTests */,
				C5D61AF61F77E58200D9142F /* Products */,
				4C7DBF62CF68066160006EBB /* Pods */,
				30E1097B0596A20D10465BA1 /* Frameworks */,
			);
			sourceTree = "<group>";
		};
		C5D61AF61F77E58200D9142F /* Products */ = {
			isa = PBXGroup;
			children = (
				C5D61AF51F77E58200D9142F /* TestApiClientSwift_iOs.app */,
				C5D61B091F77E58200D9142F /* TestApiClientSwift_iOsTests.xctest */,
			);
			name = Products;
			sourceTree = "<group>";
		};
		C5D61AF71F77E58200D9142F /* TestApiClientSwift_iOs */ = {
			isa = PBXGroup;
			children = (
				9533A20B1F97F3880054214F /* imageviewer */,
				95B341B81F94DF4200AF43F4 /* login */,
				955C1A141F9285A6007A5EDC /* realmDB */,
				955C1A0B1F927618007A5EDC /* network */,
				C5F60FD91F7947DA00F84A53 /* Main.storyboard */,
				9503EC3C1F8ECC7C002C1C17 /* detail */,
				9503EC3B1F8ECC74002C1C17 /* list_places */,
				C58A2D131F7BE43C00382855 /* Resources */,
				C5D61B221F78273F00D9142F /* model */,
				C5D61AF81F77E58200D9142F /* AppDelegate.swift */,
				C5545B901F783FC5001C5DEF /* Const.swift */,
				C556BDF31F798CAC00651DE1 /* RatingControl.swift */,
				9503EC381F8EB21A002C1C17 /* RatingView.swift */,
				95C370CA1F8F605B00EF9245 /* FavoriteControl.swift */,
				95EBB5131F95360800711C03 /* Converter.swift */,
				9533A2041F97A3640054214F /* TestApiClientSwift_iOs-Bridging-Header.h */,
				9533A2171F9811260054214F /* UIImageViewExtension.swift */,
			);
			path = TestApiClientSwift_iOs;
			sourceTree = "<group>";
		};
		C5D61B0C1F77E58200D9142F /* TestApiClientSwift_iOsTests */ = {
			isa = PBXGroup;
			children = (
				C5D61B0D1F77E58200D9142F /* TestApiClientSwift_iOsTests.swift */,
				C5D61B0F1F77E58200D9142F /* Info.plist */,
			);
			path = TestApiClientSwift_iOsTests;
			sourceTree = "<group>";
		};
		C5D61B221F78273F00D9142F /* model */ = {
			isa = PBXGroup;
			children = (
				C5DB4FE31F7A583E0000600E /* realm */,
				C5DB4FE21F7A58330000600E /* api */,
			);
			name = model;
			sourceTree = "<group>";
		};
		C5DB4FE21F7A58330000600E /* api */ = {
			isa = PBXGroup;
			children = (
				C5D61B201F781CDF00D9142F /* ApiBaseResult.swift */,
				C5D61B1E1F781B8100D9142F /* Category.swift */,
				C5D61B1C1F7818AD00D9142F /* Place.swift */,
			);
			name = api;
			sourceTree = "<group>";
		};
		C5DB4FE31F7A583E0000600E /* realm */ = {
			isa = PBXGroup;
			children = (
				C5DB4FE41F7A59AF0000600E /* CategoryRealm.swift */,
				C5DB4FE61F7A5A640000600E /* PlaceRealm.swift */,
				C5DB4FE81F7A8F980000600E /* CategoryListRealm.swift */,
				95EBB50F1F95291F00711C03 /* PrimaryKeyAware.swift */,
			);
			name = realm;
			sourceTree = "<group>";
		};
/* End PBXGroup section */

/* Begin PBXNativeTarget section */
		C5D61AF41F77E58200D9142F /* TestApiClientSwift_iOs */ = {
			isa = PBXNativeTarget;
			buildConfigurationList = C5D61B121F77E58200D9142F /* Build configuration list for PBXNativeTarget "TestApiClientSwift_iOs" */;
			buildPhases = (
				11A2F79AE7C4D2DF1EABEA32 /* [CP] Check Pods Manifest.lock */,
				C5D61AF11F77E58200D9142F /* Sources */,
				C5D61AF21F77E58200D9142F /* Frameworks */,
				C5D61AF31F77E58200D9142F /* Resources */,
				92348E45D98E4B0DCA1BC8D4 /* [CP] Embed Pods Frameworks */,
				8B63F7527A8CDC91A7567F88 /* [CP] Copy Pods Resources */,
				9536331D1F977C7300E323DC /* ShellScript */,
			);
			buildRules = (
			);
			dependencies = (
			);
			name = TestApiClientSwift_iOs;
			productName = TestApiClientSwift_iOs;
			productReference = C5D61AF51F77E58200D9142F /* TestApiClientSwift_iOs.app */;
			productType = "com.apple.product-type.application";
		};
		C5D61B081F77E58200D9142F /* TestApiClientSwift_iOsTests */ = {
			isa = PBXNativeTarget;
			buildConfigurationList = C5D61B151F77E58200D9142F /* Build configuration list for PBXNativeTarget "TestApiClientSwift_iOsTests" */;
			buildPhases = (
				D734C92163AB1798AC2E5AAA /* [CP] Check Pods Manifest.lock */,
				C5D61B051F77E58200D9142F /* Sources */,
				C5D61B061F77E58200D9142F /* Frameworks */,
				C5D61B071F77E58200D9142F /* Resources */,
				077FBEC2383F01D4B79A0A7E /* [CP] Embed Pods Frameworks */,
				1BCD78182FC7C54E95BC73C2 /* [CP] Copy Pods Resources */,
			);
			buildRules = (
			);
			dependencies = (
				C5D61B0B1F77E58200D9142F /* PBXTargetDependency */,
			);
			name = TestApiClientSwift_iOsTests;
			productName = TestApiClientSwift_iOsTests;
			productReference = C5D61B091F77E58200D9142F /* TestApiClientSwift_iOsTests.xctest */;
			productType = "com.apple.product-type.bundle.unit-test";
		};
/* End PBXNativeTarget section */

/* Begin PBXProject section */
		C5D61AED1F77E58200D9142F /* Project object */ = {
			isa = PBXProject;
			attributes = {
				KnownAssetTags = (
					1,
				);
				LastSwiftUpdateCheck = 0820;
				LastUpgradeCheck = 0820;
				ORGANIZATIONNAME = KODE;
				TargetAttributes = {
					C5D61AF41F77E58200D9142F = {
						CreatedOnToolsVersion = 8.2.1;
						DevelopmentTeam = WNZNG5YT8F;
						ProvisioningStyle = Automatic;
					};
					C5D61B081F77E58200D9142F = {
						CreatedOnToolsVersion = 8.2.1;
						DevelopmentTeam = WNZNG5YT8F;
						ProvisioningStyle = Automatic;
						TestTargetID = C5D61AF41F77E58200D9142F;
					};
				};
			};
			buildConfigurationList = C5D61AF01F77E58200D9142F /* Build configuration list for PBXProject "TestApiClientSwift_iOs" */;
			compatibilityVersion = "Xcode 3.2";
			developmentRegion = English;
			hasScannedForEncodings = 0;
			knownRegions = (
				en,
				Base,
			);
			mainGroup = C5D61AEC1F77E58200D9142F;
			productRefGroup = C5D61AF61F77E58200D9142F /* Products */;
			projectDirPath = "";
			projectRoot = "";
			targets = (
				C5D61AF41F77E58200D9142F /* TestApiClientSwift_iOs */,
				C5D61B081F77E58200D9142F /* TestApiClientSwift_iOsTests */,
			);
		};
/* End PBXProject section */

/* Begin PBXResourcesBuildPhase section */
		C5D61AF31F77E58200D9142F /* Resources */ = {
			isa = PBXResourcesBuildPhase;
			buildActionMask = 2147483647;
			files = (
				9533A2081F97D6A10054214F /* PhotoDetailViewCell.xib in Resources */,
				95C370C91F8F5B9900EF9245 /* OpenSans-Semibold.ttf in Resources */,
				956886B11F95759A002F002C /* LocationViewCell.xib in Resources */,
				95F1D2EE1F93F07400D5F598 /* PlaceTableViewCell.xib in Resources */,
				95C370C71F8F54F100EF9245 /* OpenSans-Bold.ttf in Resources */,
				9503EC441F8EDFB7002C1C17 /* YesevaOne-Regular_v2.otf in Resources */,
				956886A91F9550EF002F002C /* PhoneViewCell.xib in Resources */,
				9503EC451F8EDFB7002C1C17 /* OpenSans-Regular.ttf in Resources */,
				955C1A4F1F929E22007A5EDC /* DescriptionViewCell.xib in Resources */,
				C5F60FDB1F7947DA00F84A53 /* Main.storyboard in Resources */,
				955C1A4B1F9298CB007A5EDC /* HeaderPlaceViewCell.xib in Resources */,
				C5D61B031F77E58200D9142F /* LaunchScreen.storyboard in Resources */,
				C5D61B001F77E58200D9142F /* Assets.xcassets in Resources */,
				956886A51F954FD8002F002C /* VisitingPriceCell.xib in Resources */,
				9533A2011F9790320054214F /* MapViewCell.xib in Resources */,
				95EBB5181F954DD200711C03 /* TimeTableViewCell.xib in Resources */,
			);
			runOnlyForDeploymentPostprocessing = 0;
		};
		C5D61B071F77E58200D9142F /* Resources */ = {
			isa = PBXResourcesBuildPhase;
			buildActionMask = 2147483647;
			files = (
			);
			runOnlyForDeploymentPostprocessing = 0;
		};
/* End PBXResourcesBuildPhase section */

/* Begin PBXShellScriptBuildPhase section */
		077FBEC2383F01D4B79A0A7E /* [CP] Embed Pods Frameworks */ = {
			isa = PBXShellScriptBuildPhase;
			buildActionMask = 2147483647;
			files = (
			);
			inputPaths = (
			);
			name = "[CP] Embed Pods Frameworks";
			outputPaths = (
			);
			runOnlyForDeploymentPostprocessing = 0;
			shellPath = /bin/sh;
			shellScript = "\"${SRCROOT}/Pods/Target Support Files/Pods-TestApiClientSwift_iOsTests/Pods-TestApiClientSwift_iOsTests-frameworks.sh\"\n";
			showEnvVarsInLog = 0;
		};
		11A2F79AE7C4D2DF1EABEA32 /* [CP] Check Pods Manifest.lock */ = {
			isa = PBXShellScriptBuildPhase;
			buildActionMask = 2147483647;
			files = (
			);
			inputPaths = (
			);
			name = "[CP] Check Pods Manifest.lock";
			outputPaths = (
			);
			runOnlyForDeploymentPostprocessing = 0;
			shellPath = /bin/sh;
			shellScript = "diff \"${PODS_ROOT}/../Podfile.lock\" \"${PODS_ROOT}/Manifest.lock\" > /dev/null\nif [ $? != 0 ] ; then\n    # print error to STDERR\n    echo \"error: The sandbox is not in sync with the Podfile.lock. Run 'pod install' or update your CocoaPods installation.\" >&2\n    exit 1\nfi\n";
			showEnvVarsInLog = 0;
		};
		1BCD78182FC7C54E95BC73C2 /* [CP] Copy Pods Resources */ = {
			isa = PBXShellScriptBuildPhase;
			buildActionMask = 2147483647;
			files = (
			);
			inputPaths = (
			);
			name = "[CP] Copy Pods Resources";
			outputPaths = (
			);
			runOnlyForDeploymentPostprocessing = 0;
			shellPath = /bin/sh;
			shellScript = "\"${SRCROOT}/Pods/Target Support Files/Pods-TestApiClientSwift_iOsTests/Pods-TestApiClientSwift_iOsTests-resources.sh\"\n";
			showEnvVarsInLog = 0;
		};
		8B63F7527A8CDC91A7567F88 /* [CP] Copy Pods Resources */ = {
			isa = PBXShellScriptBuildPhase;
			buildActionMask = 2147483647;
			files = (
			);
			inputPaths = (
			);
			name = "[CP] Copy Pods Resources";
			outputPaths = (
			);
			runOnlyForDeploymentPostprocessing = 0;
			shellPath = /bin/sh;
			shellScript = "\"${SRCROOT}/Pods/Target Support Files/Pods-TestApiClientSwift_iOs/Pods-TestApiClientSwift_iOs-resources.sh\"\n";
			showEnvVarsInLog = 0;
		};
		92348E45D98E4B0DCA1BC8D4 /* [CP] Embed Pods Frameworks */ = {
			isa = PBXShellScriptBuildPhase;
			buildActionMask = 2147483647;
			files = (
			);
			inputPaths = (
			);
			name = "[CP] Embed Pods Frameworks";
			outputPaths = (
			);
			runOnlyForDeploymentPostprocessing = 0;
			shellPath = /bin/sh;
			shellScript = "\"${SRCROOT}/Pods/Target Support Files/Pods-TestApiClientSwift_iOs/Pods-TestApiClientSwift_iOs-frameworks.sh\"\n";
			showEnvVarsInLog = 0;
		};
		9536331D1F977C7300E323DC /* ShellScript */ = {
			isa = PBXShellScriptBuildPhase;
			buildActionMask = 2147483647;
			files = (
			);
			inputPaths = (
			);
			outputPaths = (
			);
			runOnlyForDeploymentPostprocessing = 0;
			shellPath = /bin/sh;
			shellScript = "";
		};
		D734C92163AB1798AC2E5AAA /* [CP] Check Pods Manifest.lock */ = {
			isa = PBXShellScriptBuildPhase;
			buildActionMask = 2147483647;
			files = (
			);
			inputPaths = (
			);
			name = "[CP] Check Pods Manifest.lock";
			outputPaths = (
			);
			runOnlyForDeploymentPostprocessing = 0;
			shellPath = /bin/sh;
			shellScript = "diff \"${PODS_ROOT}/../Podfile.lock\" \"${PODS_ROOT}/Manifest.lock\" > /dev/null\nif [ $? != 0 ] ; then\n    # print error to STDERR\n    echo \"error: The sandbox is not in sync with the Podfile.lock. Run 'pod install' or update your CocoaPods installation.\" >&2\n    exit 1\nfi\n";
			showEnvVarsInLog = 0;
		};
/* End PBXShellScriptBuildPhase section */

/* Begin PBXSourcesBuildPhase section */
		C5D61AF11F77E58200D9142F /* Sources */ = {
			isa = PBXSourcesBuildPhase;
			buildActionMask = 2147483647;
			files = (
				95EBB5101F95291F00711C03 /* PrimaryKeyAware.swift in Sources */,
				956886AD1F95566C002F002C /* DetailsViewModel.swift in Sources */,
				95EBB5141F95360800711C03 /* Converter.swift in Sources */,
				956886AB1F955517002F002C /* PlaceDetailsViewController.swift in Sources */,
				95B341BA1F94DF6900AF43F4 /* LoginViewController.swift in Sources */,
				C5DB4FE71F7A5A640000600E /* PlaceRealm.swift in Sources */,
				C5DB4FE91F7A8F980000600E /* CategoryListRealm.swift in Sources */,
				956886A41F954FD8002F002C /* VisitingPriceCell.swift in Sources */,
				955C1A161F9285B9007A5EDC /* realm.swift in Sources */,
				956886A81F9550EF002F002C /* PhoneViewCell.swift in Sources */,
				C5D61B1B1F7807E700D9142F /* PlaceTableViewController.swift in Sources */,
				C5D61AF91F77E58200D9142F /* AppDelegate.swift in Sources */,
				95EBB50C1F9522F000711C03 /* RealmDAO.swift in Sources */,
				C5D61B211F781CDF00D9142F /* ApiBaseResult.swift in Sources */,
				C556BDF41F798CAC00651DE1 /* RatingControl.swift in Sources */,
				955C1A131F9283C9007A5EDC /* NetworkManager.swift in Sources */,
				955C1A4A1F9298CB007A5EDC /* HeaderPlaceViewCell.swift in Sources */,
				C5DB4FE51F7A59AF0000600E /* CategoryRealm.swift in Sources */,
				95EBB50E1F9524CA00711C03 /* DbHelper.swift in Sources */,
				C5D61B191F7807B200D9142F /* PlaceTableViewCell.swift in Sources */,
				95EBB5171F954DD200711C03 /* TimeTableViewCell.swift in Sources */,
				9533A2181F9811260054214F /* UIImageViewExtension.swift in Sources */,
				C58A2D1A1F7BE6E900382855 /* PlaceTableViewModel.swift in Sources */,
				95F1D2ED1F93F07400D5F598 /* PlaceTableViewXibCell.swift in Sources */,
				C5545B911F783FC5001C5DEF /* Const.swift in Sources */,
				956886B01F95759A002F002C /* LocationViewCell.swift in Sources */,
				95EBB5121F952A7100711C03 /* RealmStorage.swift in Sources */,
				9503EC391F8EB21A002C1C17 /* RatingView.swift in Sources */,
				955C1A0D1F9276B7007A5EDC /* Network.swift in Sources */,
				C5D61B1D1F7818AD00D9142F /* Place.swift in Sources */,
				955C1A0F1F927775007A5EDC /* Endpoint.swift in Sources */,
				C5D61B1F1F781B8100D9142F /* Category.swift in Sources */,
				9533A2071F97D6A10054214F /* PhotoDetailViewCell.swift in Sources */,
				C58A2D181F7BE4C200382855 /* PlaceTableCellViewModel.swift in Sources */,
				955C1A111F927987007A5EDC /* PlaceService.swift in Sources */,
				C58A2D1C1F7BE72400382855 /* PlaceManager.swift in Sources */,
				95C370CB1F8F605B00EF9245 /* FavoriteControl.swift in Sources */,
				9533A2001F9790320054214F /* MapViewCell.swift in Sources */,
				955C1A4E1F929E22007A5EDC /* DescriptionViewCell.swift in Sources */,
				95EBB50A1F95228300711C03 /* LoginService.swift in Sources */,
				9533A2161F9810510054214F /* CounterView.swift in Sources */,
			);
			runOnlyForDeploymentPostprocessing = 0;
		};
		C5D61B051F77E58200D9142F /* Sources */ = {
			isa = PBXSourcesBuildPhase;
			buildActionMask = 2147483647;
			files = (
				C5D61B0E1F77E58200D9142F /* TestApiClientSwift_iOsTests.swift in Sources */,
			);
			runOnlyForDeploymentPostprocessing = 0;
		};
/* End PBXSourcesBuildPhase section */

/* Begin PBXTargetDependency section */
		C5D61B0B1F77E58200D9142F /* PBXTargetDependency */ = {
			isa = PBXTargetDependency;
			target = C5D61AF41F77E58200D9142F /* TestApiClientSwift_iOs */;
			targetProxy = C5D61B0A1F77E58200D9142F /* PBXContainerItemProxy */;
		};
/* End PBXTargetDependency section */

/* Begin PBXVariantGroup section */
		C5D61B011F77E58200D9142F /* LaunchScreen.storyboard */ = {
			isa = PBXVariantGroup;
			children = (
				C5D61B021F77E58200D9142F /* Base */,
			);
			name = LaunchScreen.storyboard;
			sourceTree = "<group>";
		};
		C5F60FD91F7947DA00F84A53 /* Main.storyboard */ = {
			isa = PBXVariantGroup;
			children = (
				C5F60FDA1F7947DA00F84A53 /* Base */,
			);
			name = Main.storyboard;
			sourceTree = "<group>";
		};
/* End PBXVariantGroup section */

/* Begin XCBuildConfiguration section */
		C5D61B101F77E58200D9142F /* Debug */ = {
			isa = XCBuildConfiguration;
			buildSettings = {
				ALWAYS_SEARCH_USER_PATHS = NO;
				CLANG_ANALYZER_NONNULL = YES;
				CLANG_CXX_LANGUAGE_STANDARD = "gnu++0x";
				CLANG_CXX_LIBRARY = "libc++";
				CLANG_ENABLE_MODULES = YES;
				CLANG_ENABLE_OBJC_ARC = YES;
				CLANG_WARN_BOOL_CONVERSION = YES;
				CLANG_WARN_CONSTANT_CONVERSION = YES;
				CLANG_WARN_DIRECT_OBJC_ISA_USAGE = YES_ERROR;
				CLANG_WARN_DOCUMENTATION_COMMENTS = YES;
				CLANG_WARN_EMPTY_BODY = YES;
				CLANG_WARN_ENUM_CONVERSION = YES;
				CLANG_WARN_INFINITE_RECURSION = YES;
				CLANG_WARN_INT_CONVERSION = YES;
				CLANG_WARN_OBJC_ROOT_CLASS = YES_ERROR;
				CLANG_WARN_SUSPICIOUS_MOVE = YES;
				CLANG_WARN_UNREACHABLE_CODE = YES;
				CLANG_WARN__DUPLICATE_METHOD_MATCH = YES;
				"CODE_SIGN_IDENTITY[sdk=iphoneos*]" = "iPhone Developer";
				COPY_PHASE_STRIP = NO;
				DEBUG_INFORMATION_FORMAT = dwarf;
				ENABLE_STRICT_OBJC_MSGSEND = YES;
				ENABLE_TESTABILITY = YES;
				GCC_C_LANGUAGE_STANDARD = gnu99;
				GCC_DYNAMIC_NO_PIC = NO;
				GCC_NO_COMMON_BLOCKS = YES;
				GCC_OPTIMIZATION_LEVEL = 0;
				GCC_PREPROCESSOR_DEFINITIONS = (
					"DEBUG=1",
					"$(inherited)",
				);
				GCC_WARN_64_TO_32_BIT_CONVERSION = YES;
				GCC_WARN_ABOUT_RETURN_TYPE = YES_ERROR;
				GCC_WARN_UNDECLARED_SELECTOR = YES;
				GCC_WARN_UNINITIALIZED_AUTOS = YES_AGGRESSIVE;
				GCC_WARN_UNUSED_FUNCTION = YES;
				GCC_WARN_UNUSED_VARIABLE = YES;
				IPHONEOS_DEPLOYMENT_TARGET = 10.2;
				MTL_ENABLE_DEBUG_INFO = YES;
				ONLY_ACTIVE_ARCH = YES;
				SDKROOT = iphoneos;
				SWIFT_ACTIVE_COMPILATION_CONDITIONS = DEBUG;
				SWIFT_OPTIMIZATION_LEVEL = "-Onone";
			};
			name = Debug;
		};
		C5D61B111F77E58200D9142F /* Release */ = {
			isa = XCBuildConfiguration;
			buildSettings = {
				ALWAYS_SEARCH_USER_PATHS = NO;
				CLANG_ANALYZER_NONNULL = YES;
				CLANG_CXX_LANGUAGE_STANDARD = "gnu++0x";
				CLANG_CXX_LIBRARY = "libc++";
				CLANG_ENABLE_MODULES = YES;
				CLANG_ENABLE_OBJC_ARC = YES;
				CLANG_WARN_BOOL_CONVERSION = YES;
				CLANG_WARN_CONSTANT_CONVERSION = YES;
				CLANG_WARN_DIRECT_OBJC_ISA_USAGE = YES_ERROR;
				CLANG_WARN_DOCUMENTATION_COMMENTS = YES;
				CLANG_WARN_EMPTY_BODY = YES;
				CLANG_WARN_ENUM_CONVERSION = YES;
				CLANG_WARN_INFINITE_RECURSION = YES;
				CLANG_WARN_INT_CONVERSION = YES;
				CLANG_WARN_OBJC_ROOT_CLASS = YES_ERROR;
				CLANG_WARN_SUSPICIOUS_MOVE = YES;
				CLANG_WARN_UNREACHABLE_CODE = YES;
				CLANG_WARN__DUPLICATE_METHOD_MATCH = YES;
				"CODE_SIGN_IDENTITY[sdk=iphoneos*]" = "iPhone Developer";
				COPY_PHASE_STRIP = NO;
				DEBUG_INFORMATION_FORMAT = "dwarf-with-dsym";
				ENABLE_NS_ASSERTIONS = NO;
				ENABLE_STRICT_OBJC_MSGSEND = YES;
				GCC_C_LANGUAGE_STANDARD = gnu99;
				GCC_NO_COMMON_BLOCKS = YES;
				GCC_WARN_64_TO_32_BIT_CONVERSION = YES;
				GCC_WARN_ABOUT_RETURN_TYPE = YES_ERROR;
				GCC_WARN_UNDECLARED_SELECTOR = YES;
				GCC_WARN_UNINITIALIZED_AUTOS = YES_AGGRESSIVE;
				GCC_WARN_UNUSED_FUNCTION = YES;
				GCC_WARN_UNUSED_VARIABLE = YES;
				IPHONEOS_DEPLOYMENT_TARGET = 10.2;
				MTL_ENABLE_DEBUG_INFO = NO;
				SDKROOT = iphoneos;
				SWIFT_OPTIMIZATION_LEVEL = "-Owholemodule";
				VALIDATE_PRODUCT = YES;
			};
			name = Release;
		};
		C5D61B131F77E58200D9142F /* Debug */ = {
			isa = XCBuildConfiguration;
			baseConfigurationReference = 3A684DD6641F87A7D7EB17C3 /* Pods-TestApiClientSwift_iOs.debug.xcconfig */;
			buildSettings = {
				ASSETCATALOG_COMPILER_APPICON_NAME = AppIcon;
				DEVELOPMENT_TEAM = WNZNG5YT8F;
				INFOPLIST_FILE = TestApiClientSwift_iOs/Info.plist;
				LD_RUNPATH_SEARCH_PATHS = "$(inherited) @executable_path/Frameworks";
				OTHER_LDFLAGS = (
					"$(inherited)",
					"-ObjC",
					"-l\"YandexMapKit\"",
					"-l\"sqlite3\"",
					"-l\"stdc++.6\"",
					"-l\"xml2\"",
					"-l\"z\"",
					"-framework",
					"\"AMScrollingNavbar\"",
					"-framework",
					"\"AVFoundation\"",
					"-framework",
					"\"Agrume\"",
					"-framework",
					"\"Alamofire\"",
					"-framework",
					"\"AlamofireObjectMapper\"",
					"-framework",
					"\"AudioToolbox\"",
					"-framework",
					"\"CZPicker\"",
					"-framework",
					"\"CoreData\"",
					"-framework",
					"\"CoreLocation\"",
					"-framework",
					"\"CoreTelephony\"",
					"-framework",
					"\"Kingfisher\"",
					"-framework",
					"\"MessageUI\"",
					"-framework",
					"\"ObjectMapper\"",
					"-framework",
					"\"OpenAL\"",
					"-framework",
					"\"OpenGLES\"",
					"-framework",
					"\"QuartzCore\"",
					"-framework",
					"\"Realm\"",
					"-framework",
					"\"RealmSwift\"",
					"-framework",
					"\"Security\"",
					"-framework",
					"\"SkyFloatingLabelTextField\"",
					"-framework",
					"\"SystemConfiguration\"",
					"-framework",
					"\"Toast_Swift\"",
				);
				PRODUCT_BUNDLE_IDENTIFIER = "kode.TestApiClientSwift-iOs";
				PRODUCT_NAME = "$(TARGET_NAME)";
				SWIFT_OBJC_BRIDGING_HEADER = "/Users/nikolay/Desktop/iOs Swift/TestApiClientSwift_iOs/TestApiClientSwift_iOs/TestApiClientSwift_iOs-Bridging-Header.h";
				SWIFT_VERSION = 3.0;
			};
			name = Debug;
		};
		C5D61B141F77E58200D9142F /* Release */ = {
			isa = XCBuildConfiguration;
			baseConfigurationReference = 00AA75D5C973416AB5B630A8 /* Pods-TestApiClientSwift_iOs.release.xcconfig */;
			buildSettings = {
				ASSETCATALOG_COMPILER_APPICON_NAME = AppIcon;
				DEVELOPMENT_TEAM = WNZNG5YT8F;
				INFOPLIST_FILE = TestApiClientSwift_iOs/Info.plist;
				LD_RUNPATH_SEARCH_PATHS = "$(inherited) @executable_path/Frameworks";
				PRODUCT_BUNDLE_IDENTIFIER = "kode.TestApiClientSwift-iOs";
				PRODUCT_NAME = "$(TARGET_NAME)";
				SWIFT_OBJC_BRIDGING_HEADER = "/Users/nikolay/Desktop/iOs Swift/TestApiClientSwift_iOs/TestApiClientSwift_iOs/TestApiClientSwift_iOs-Bridging-Header.h";
				SWIFT_VERSION = 3.0;
			};
			name = Release;
		};
		C5D61B161F77E58200D9142F /* Debug */ = {
			isa = XCBuildConfiguration;
			baseConfigurationReference = 45AC3AA65F10DD71CACEDDDD /* Pods-TestApiClientSwift_iOsTests.debug.xcconfig */;
			buildSettings = {
				ALWAYS_EMBED_SWIFT_STANDARD_LIBRARIES = YES;
				BUNDLE_LOADER = "$(TEST_HOST)";
				DEVELOPMENT_TEAM = WNZNG5YT8F;
				INFOPLIST_FILE = TestApiClientSwift_iOsTests/Info.plist;
				LD_RUNPATH_SEARCH_PATHS = "$(inherited) @executable_path/Frameworks @loader_path/Frameworks";
				PRODUCT_BUNDLE_IDENTIFIER = "kode.TestApiClientSwift-iOsTests";
				PRODUCT_NAME = "$(TARGET_NAME)";
				SWIFT_VERSION = 3.0;
				TEST_HOST = "$(BUILT_PRODUCTS_DIR)/TestApiClientSwift_iOs.app/TestApiClientSwift_iOs";
			};
			name = Debug;
		};
		C5D61B171F77E58200D9142F /* Release */ = {
			isa = XCBuildConfiguration;
			baseConfigurationReference = D782F1ED142B13309858C789 /* Pods-TestApiClientSwift_iOsTests.release.xcconfig */;
			buildSettings = {
				ALWAYS_EMBED_SWIFT_STANDARD_LIBRARIES = YES;
				BUNDLE_LOADER = "$(TEST_HOST)";
				DEVELOPMENT_TEAM = WNZNG5YT8F;
				INFOPLIST_FILE = TestApiClientSwift_iOsTests/Info.plist;
				LD_RUNPATH_SEARCH_PATHS = "$(inherited) @executable_path/Frameworks @loader_path/Frameworks";
				PRODUCT_BUNDLE_IDENTIFIER = "kode.TestApiClientSwift-iOsTests";
				PRODUCT_NAME = "$(TARGET_NAME)";
				SWIFT_VERSION = 3.0;
				TEST_HOST = "$(BUILT_PRODUCTS_DIR)/TestApiClientSwift_iOs.app/TestApiClientSwift_iOs";
			};
			name = Release;
		};
/* End XCBuildConfiguration section */

/* Begin XCConfigurationList section */
		C5D61AF01F77E58200D9142F /* Build configuration list for PBXProject "TestApiClientSwift_iOs" */ = {
			isa = XCConfigurationList;
			buildConfigurations = (
				C5D61B101F77E58200D9142F /* Debug */,
				C5D61B111F77E58200D9142F /* Release */,
			);
			defaultConfigurationIsVisible = 0;
			defaultConfigurationName = Release;
		};
		C5D61B121F77E58200D9142F /* Build configuration list for PBXNativeTarget "TestApiClientSwift_iOs" */ = {
			isa = XCConfigurationList;
			buildConfigurations = (
				C5D61B131F77E58200D9142F /* Debug */,
				C5D61B141F77E58200D9142F /* Release */,
			);
			defaultConfigurationIsVisible = 0;
			defaultConfigurationName = Release;
		};
		C5D61B151F77E58200D9142F /* Build configuration list for PBXNativeTarget "TestApiClientSwift_iOsTests" */ = {
			isa = XCConfigurationList;
			buildConfigurations = (
				C5D61B161F77E58200D9142F /* Debug */,
				C5D61B171F77E58200D9142F /* Release */,
			);
			defaultConfigurationIsVisible = 0;
			defaultConfigurationName = Release;
		};
/* End XCConfigurationList section */
	};
	rootObject = C5D61AED1F77E58200D9142F /* Project object */;
}
